
Microsoft Visual Studio Solution File, Format Version 12.00
# Visual Studio 2013
VisualStudioVersion = 12.0.21005.1
MinimumVisualStudioVersion = 10.0.40219.1
Project("{FAE04EC0-301F-11D3-BF4B-00C04F79EFBC}") = "haivlWS", "haivlWS\haivlWS.csproj", "{B3A6421D-901C-467F-B24E-070B95C52041}"
EndProject
Project("{FAE04EC0-301F-11D3-BF4B-00C04F79EFBC}") = "haivlCORE", "haivlCORE\haivlCORE.csproj", "{16E331AE-CD48-41ED-A5E2-C3850C83C5CE}"
EndProject
Project("{FAE04EC0-301F-11D3-BF4B-00C04F79EFBC}") = "haivlWSCORE", "haivlWSCORE\haivlWSCORE.csproj", "{0CC3ABBD-58FF-49D4-85B3-A11A9DAC7B84}"
EndProject
Project("{FAE04EC0-301F-11D3-BF4B-00C04F79EFBC}") = "haivlWF", "haivlWF\haivlWF.csproj", "{E70C4F91-474A-41FE-87ED-20308DE308F1}"
EndProject
Project("{FAE04EC0-301F-11D3-BF4B-00C04F79EFBC}") = "haivlWP", "haivlWP\haivlWP.csproj", "{91E07E51-60CC-4AD2-89D9-4787E7CABD30}"
EndProject
Global
	GlobalSection(SolutionConfigurationPlatforms) = preSolution
		Debug|Any CPU = Debug|Any CPU
		Debug|ARM = Debug|ARM
		Debug|x64 = Debug|x64
		Debug|x86 = Debug|x86
		Release|Any CPU = Release|Any CPU
		Release|ARM = Release|ARM
		Release|x64 = Release|x64
		Release|x86 = Release|x86
	EndGlobalSection
	GlobalSection(ProjectConfigurationPlatforms) = postSolution
		{B3A6421D-901C-467F-B24E-070B95C52041}.Debug|Any CPU.ActiveCfg = Debug|Any CPU
		{B3A6421D-901C-467F-B24E-070B95C52041}.Debug|Any CPU.Build.0 = Debug|Any CPU
		{B3A6421D-901C-467F-B24E-070B95C52041}.Debug|Any CPU.Deploy.0 = Debug|Any CPU
		{B3A6421D-901C-467F-B24E-070B95C52041}.Debug|ARM.ActiveCfg = Debug|ARM
		{B3A6421D-901C-467F-B24E-070B95C52041}.Debug|ARM.Build.0 = Debug|ARM
		{B3A6421D-901C-467F-B24E-070B95C52041}.Debug|ARM.Deploy.0 = Debug|ARM
		{B3A6421D-901C-467F-B24E-070B95C52041}.Debug|x64.ActiveCfg = Debug|x64
		{B3A6421D-901C-467F-B24E-070B95C52041}.Debug|x64.Build.0 = Debug|x64
		{B3A6421D-901C-467F-B24E-070B95C52041}.Debug|x64.Deploy.0 = Debug|x64
		{B3A6421D-901C-467F-B24E-070B95C52041}.Debug|x86.ActiveCfg = Debug|x86
		{B3A6421D-901C-467F-B24E-070B95C52041}.Debug|x86.Build.0 = Debug|x86
		{B3A6421D-901C-467F-B24E-070B95C52041}.Debug|x86.Deploy.0 = Debug|x86
		{B3A6421D-901C-467F-B24E-070B95C52041}.Release|Any CPU.ActiveCfg = Release|Any CPU
		{B3A6421D-901C-467F-B24E-070B95C52041}.Release|Any CPU.Build.0 = Release|Any CPU
		{B3A6421D-901C-467F-B24E-070B95C52041}.Release|Any CPU.Deploy.0 = Release|Any CPU
		{B3A6421D-901C-467F-B24E-070B95C52041}.Release|ARM.ActiveCfg = Release|ARM
		{B3A6421D-901C-467F-B24E-070B95C52041}.Release|ARM.Build.0 = Release|ARM
		{B3A6421D-901C-467F-B24E-070B95C52041}.Release|ARM.Deploy.0 = Release|ARM
		{B3A6421D-901C-467F-B24E-070B95C52041}.Release|x64.ActiveCfg = Release|x64
		{B3A6421D-901C-467F-B24E-070B95C52041}.Release|x64.Build.0 = Release|x64
		{B3A6421D-901C-467F-B24E-070B95C52041}.Release|x64.Deploy.0 = Release|x64
		{B3A6421D-901C-467F-B24E-070B95C52041}.Release|x86.ActiveCfg = Release|x86
		{B3A6421D-901C-467F-B24E-070B95C52041}.Release|x86.Build.0 = Release|x86
		{B3A6421D-901C-467F-B24E-070B95C52041}.Release|x86.Deploy.0 = Release|x86
		{16E331AE-CD48-41ED-A5E2-C3850C83C5CE}.Debug|Any CPU.ActiveCfg = Debug|Any CPU
		{16E331AE-CD48-41ED-A5E2-C3850C83C5CE}.Debug|Any CPU.Build.0 = Debug|Any CPU
		{16E331AE-CD48-41ED-A5E2-C3850C83C5CE}.Debug|ARM.ActiveCfg = Debug|Any CPU
		{16E331AE-CD48-41ED-A5E2-C3850C83C5CE}.Debug|x64.ActiveCfg = Debug|Any CPU
		{16E331AE-CD48-41ED-A5E2-C3850C83C5CE}.Debug|x86.ActiveCfg = Debug|Any CPU
		{16E331AE-CD48-41ED-A5E2-C3850C83C5CE}.Release|Any CPU.ActiveCfg = Release|Any CPU
		{16E331AE-CD48-41ED-A5E2-C3850C83C5CE}.Release|Any CPU.Build.0 = Release|Any CPU
		{16E331AE-CD48-41ED-A5E2-C3850C83C5CE}.Release|ARM.ActiveCfg = Release|Any CPU
		{16E331AE-CD48-41ED-A5E2-C3850C83C5CE}.Release|x64.ActiveCfg = Release|Any CPU
		{16E331AE-CD48-41ED-A5E2-C3850C83C5CE}.Release|x86.ActiveCfg = Release|Any CPU
		{0CC3ABBD-58FF-49D4-85B3-A11A9DAC7B84}.Debug|Any CPU.ActiveCfg = Debug|Any CPU
		{0CC3ABBD-58FF-49D4-85B3-A11A9DAC7B84}.Debug|Any CPU.Build.0 = Debug|Any CPU
		{0CC3ABBD-58FF-49D4-85B3-A11A9DAC7B84}.Debug|ARM.ActiveCfg = Debug|ARM
		{0CC3ABBD-58FF-49D4-85B3-A11A9DAC7B84}.Debug|ARM.Build.0 = Debug|ARM
		{0CC3ABBD-58FF-49D4-85B3-A11A9DAC7B84}.Debug|x64.ActiveCfg = Debug|x64
		{0CC3ABBD-58FF-49D4-85B3-A11A9DAC7B84}.Debug|x64.Build.0 = Debug|x64
		{0CC3ABBD-58FF-49D4-85B3-A11A9DAC7B84}.Debug|x86.ActiveCfg = Debug|x86
		{0CC3ABBD-58FF-49D4-85B3-A11A9DAC7B84}.Debug|x86.Build.0 = Debug|x86
		{0CC3ABBD-58FF-49D4-85B3-A11A9DAC7B84}.Release|Any CPU.ActiveCfg = Release|Any CPU
		{0CC3ABBD-58FF-49D4-85B3-A11A9DAC7B84}.Release|Any CPU.Build.0 = Release|Any CPU
		{0CC3ABBD-58FF-49D4-85B3-A11A9DAC7B84}.Release|ARM.ActiveCfg = Release|ARM
		{0CC3ABBD-58FF-49D4-85B3-A11A9DAC7B84}.Release|ARM.Build.0 = Release|ARM
		{0CC3ABBD-58FF-49D4-85B3-A11A9DAC7B84}.Release|x64.ActiveCfg = Release|x64
		{0CC3ABBD-58FF-49D4-85B3-A11A9DAC7B84}.Release|x64.Build.0 = Release|x64
		{0CC3ABBD-58FF-49D4-85B3-A11A9DAC7B84}.Release|x86.ActiveCfg = Release|x86
		{0CC3ABBD-58FF-49D4-85B3-A11A9DAC7B84}.Release|x86.Build.0 = Release|x86
		{E70C4F91-474A-41FE-87ED-20308DE308F1}.Debug|Any CPU.ActiveCfg = Debug|Any CPU
		{E70C4F91-474A-41FE-87ED-20308DE308F1}.Debug|Any CPU.Build.0 = Debug|Any CPU
		{E70C4F91-474A-41FE-87ED-20308DE308F1}.Debug|ARM.ActiveCfg = Debug|Any CPU
		{E70C4F91-474A-41FE-87ED-20308DE308F1}.Debug|x64.ActiveCfg = Debug|Any CPU
		{E70C4F91-474A-41FE-87ED-20308DE308F1}.Debug|x86.ActiveCfg = Debug|Any CPU
		{E70C4F91-474A-41FE-87ED-20308DE308F1}.Release|Any CPU.ActiveCfg = Release|Any CPU
		{E70C4F91-474A-41FE-87ED-20308DE308F1}.Release|Any CPU.Build.0 = Release|Any CPU
		{E70C4F91-474A-41FE-87ED-20308DE308F1}.Release|ARM.ActiveCfg = Release|Any CPU
		{E70C4F91-474A-41FE-87ED-20308DE308F1}.Release|x64.ActiveCfg = Release|Any CPU
		{E70C4F91-474A-41FE-87ED-20308DE308F1}.Release|x86.ActiveCfg = Release|Any CPU
		{91E07E51-60CC-4AD2-89D9-4787E7CABD30}.Debug|Any CPU.ActiveCfg = Debug|Any CPU
		{91E07E51-60CC-4AD2-89D9-4787E7CABD30}.Debug|Any CPU.Build.0 = Debug|Any CPU
		{91E07E51-60CC-4AD2-89D9-4787E7CABD30}.Debug|Any CPU.Deploy.0 = Debug|Any CPU
		{91E07E51-60CC-4AD2-89D9-4787E7CABD30}.Debug|ARM.ActiveCfg = Debug|ARM
		{91E07E51-60CC-4AD2-89D9-4787E7CABD30}.Debug|ARM.Build.0 = Debug|ARM
		{91E07E51-60CC-4AD2-89D9-4787E7CABD30}.Debug|ARM.Deploy.0 = Debug|ARM
		{91E07E51-60CC-4AD2-89D9-4787E7CABD30}.Debug|x64.ActiveCfg = Debug|Any CPU
		{91E07E51-60CC-4AD2-89D9-4787E7CABD30}.Debug|x86.ActiveCfg = Debug|x86
		{91E07E51-60CC-4AD2-89D9-4787E7CABD30}.Debug|x86.Build.0 = Debug|x86
		{91E07E51-60CC-4AD2-89D9-4787E7CABD30}.Debug|x86.Deploy.0 = Debug|x86
		{91E07E51-60CC-4AD2-89D9-4787E7CABD30}.Release|Any CPU.ActiveCfg = Release|Any CPU
		{91E07E51-60CC-4AD2-89D9-4787E7CABD30}.Release|Any CPU.Build.0 = Release|Any CPU
		{91E07E51-60CC-4AD2-89D9-4787E7CABD30}.Release|Any CPU.Deploy.0 = Release|Any CPU
		{91E07E51-60CC-4AD2-89D9-4787E7CABD30}.Release|ARM.ActiveCfg = Release|ARM
		{91E07E51-60CC-4AD2-89D9-4787E7CABD30}.Release|ARM.Build.0 = Release|ARM
		{91E07E51-60CC-4AD2-89D9-4787E7CABD30}.Release|ARM.Deploy.0 = Release|ARM
		{91E07E51-60CC-4AD2-89D9-4787E7CABD30}.Release|x64.ActiveCfg = Release|Any CPU
		{91E07E51-60CC-4AD2-89D9-4787E7CABD30}.Release|x86.ActiveCfg = Release|x86
		{91E07E51-60CC-4AD2-89D9-4787E7CABD30}.Release|x86.Build.0 = Release|x86
		{91E07E51-60CC-4AD2-89D9-4787E7CABD30}.Release|x86.Deploy.0 = Release|x86
	EndGlobalSection
	GlobalSection(SolutionProperties) = preSolution
		HideSolutionNode = FALSE
	EndGlobalSection
EndGlobal
